// !$*UTF8*$!
{
	archiveVersion = 1;
	classes = {
	};
	objectVersion = 50;
	objects = {

/* Begin PBXBuildFile section */
		B8664C8426D194BD0039FE62 /* AppDelegate.swift in Sources */ = {isa = PBXBuildFile; fileRef = B8664C8326D194BD0039FE62 /* AppDelegate.swift */; };
		B8664C8626D194BD0039FE62 /* SceneDelegate.swift in Sources */ = {isa = PBXBuildFile; fileRef = B8664C8526D194BD0039FE62 /* SceneDelegate.swift */; };
		B8664C8826D194BD0039FE62 /* ContentView.swift in Sources */ = {isa = PBXBuildFile; fileRef = B8664C8726D194BD0039FE62 /* ContentView.swift */; };
		B8664C8B26D194BD0039FE62 /* CoreDataWithDataPicker.xcdatamodeld in Sources */ = {isa = PBXBuildFile; fileRef = B8664C8926D194BD0039FE62 /* CoreDataWithDataPicker.xcdatamodeld */; };
		B8664C8D26D194C10039FE62 /* Assets.xcassets in Resources */ = {isa = PBXBuildFile; fileRef = B8664C8C26D194C10039FE62 /* Assets.xcassets */; };
		B8664C9026D194C10039FE62 /* Preview Assets.xcassets in Resources */ = {isa = PBXBuildFile; fileRef = B8664C8F26D194C10039FE62 /* Preview Assets.xcassets */; };
		B8664C9326D194C10039FE62 /* LaunchScreen.storyboard in Resources */ = {isa = PBXBuildFile; fileRef = B8664C9126D194C10039FE62 /* LaunchScreen.storyboard */; };
		B8664C9C26D1950F0039FE62 /* Note+CoreDataClass.swift in Sources */ = {isa = PBXBuildFile; fileRef = B8664C9A26D1950F0039FE62 /* Note+CoreDataClass.swift */; };
		B8664C9D26D1950F0039FE62 /* Note+CoreDataProperties.swift in Sources */ = {isa = PBXBuildFile; fileRef = B8664C9B26D1950F0039FE62 /* Note+CoreDataProperties.swift */; };
/* End PBXBuildFile section */

/* Begin PBXFileReference section */
		B8664C8026D194BD0039FE62 /* CoreDataWithDataPicker.app */ = {isa = PBXFileReference; explicitFileType = wrapper.application; includeInIndex = 0; path = CoreDataWithDataPicker.app; sourceTree = BUILT_PRODUCTS_DIR; };
		B8664C8326D194BD0039FE62 /* AppDelegate.swift */ = {isa = PBXFileReference; lastKnownFileType = sourcecode.swift; path = AppDelegate.swift; sourceTree = "<group>"; };
		B8664C8526D194BD0039FE62 /* SceneDelegate.swift */ = {isa = PBXFileReference; lastKnownFileType = sourcecode.swift; path = SceneDelegate.swift; sourceTree = "<group>"; };
		B8664C8726D194BD0039FE62 /* ContentView.swift */ = {isa = PBXFileReference; lastKnownFileType = sourcecode.swift; path = ContentView.swift; sourceTree = "<group>"; };
		B8664C8A26D194BD0039FE62 /* CoreDataWithDataPicker.xcdatamodel */ = {isa = PBXFileReference; lastKnownFileType = wrapper.xcdatamodel; path = CoreDataWithDataPicker.xcdatamodel; sourceTree = "<group>"; };
		B8664C8C26D194C10039FE62 /* Assets.xcassets */ = {isa = PBXFileReference; lastKnownFileType = folder.assetcatalog; path = Assets.xcassets; sourceTree = "<group>"; };
		B8664C8F26D194C10039FE62 /* Preview Assets.xcassets */ = {isa = PBXFileReference; lastKnownFileType = folder.assetcatalog; path = "Preview Assets.xcassets"; sourceTree = "<group>"; };
		B8664C9226D194C10039FE62 /* Base */ = {isa = PBXFileReference; lastKnownFileType = file.storyboard; name = Base; path = Base.lproj/LaunchScreen.storyboard; sourceTree = "<group>"; };
		B8664C9426D194C10039FE62 /* Info.plist */ = {isa = PBXFileReference; lastKnownFileType = text.plist.xml; path = Info.plist; sourceTree = "<group>"; };
		B8664C9A26D1950F0039FE62 /* Note+CoreDataClass.swift */ = {isa = PBXFileReference; lastKnownFileType = sourcecode.swift; path = "Note+CoreDataClass.swift"; sourceTree = "<group>"; };
		B8664C9B26D1950F0039FE62 /* Note+CoreDataProperties.swift */ = {isa = PBXFileReference; lastKnownFileType = sourcecode.swift; path = "Note+CoreDataProperties.swift"; sourceTree = "<group>"; };
/* End PBXFileReference section */

/* Begin PBXFrameworksBuildPhase section */
		B8664C7D26D194BD0039FE62 /* Frameworks */ = {
			isa = PBXFrameworksBuildPhase;
			buildActionMask = 2147483647;
			files = (
			);
			runOnlyForDeploymentPostprocessing = 0;
		};
/* End PBXFrameworksBuildPhase section */

/* Begin PBXGroup section */
		B8664C7726D194BC0039FE62 = {
			isa = PBXGroup;
			children = (
				B8664C9A26D1950F0039FE62 /* Note+CoreDataClass.swift */,
				B8664C9B26D1950F0039FE62 /* Note+CoreDataProperties.swift */,
				B8664C8226D194BD0039FE62 /* CoreDataWithDataPicker */,
				B8664C8126D194BD0039FE62 /* Products */,
			);
			sourceTree = "<group>";
		};
		B8664C8126D194BD0039FE62 /* Products */ = {
			isa = PBXGroup;
			children = (
				B8664C8026D194BD0039FE62 /* CoreDataWithDataPicker.app */,
			);
			name = Products;
			sourceTree = "<group>";
		};
		B8664C8226D194BD0039FE62 /* CoreDataWithDataPicker */ = {
			isa = PBXGroup;
			children = (
				B8664C8326D194BD0039FE62 /* AppDelegate.swift */,
				B8664C8526D194BD0039FE62 /* SceneDelegate.swift */,
				B8664C8726D194BD0039FE62 /* ContentView.swift */,
				B8664C8C26D194C10039FE62 /* Assets.xcassets */,
				B8664C9126D194C10039FE62 /* LaunchScreen.storyboard */,
				B8664C9426D194C10039FE62 /* Info.plist */,
				B8664C8926D194BD0039FE62 /* CoreDataWithDataPicker.xcdatamodeld */,
				B8664C8E26D194C10039FE62 /* Preview Content */,
			);
			path = CoreDataWithDataPicker;
			sourceTree = "<group>";
		};
		B8664C8E26D194C10039FE62 /* Preview Content */ = {
			isa = PBXGroup;
			children = (
				B8664C8F26D194C10039FE62 /* Preview Assets.xcassets */,
			);
			path = "Preview Content";
			sourceTree = "<group>";
		};
/* End PBXGroup section */

/* Begin PBXNativeTarget section */
		B8664C7F26D194BD0039FE62 /* CoreDataWithDataPicker */ = {
			isa = PBXNativeTarget;
			buildConfigurationList = B8664C9726D194C10039FE62 /* Build configuration list for PBXNativeTarget "CoreDataWithDataPicker" */;
			buildPhases = (
				B8664C7C26D194BD0039FE62 /* Sources */,
				B8664C7D26D194BD0039FE62 /* Frameworks */,
				B8664C7E26D194BD0039FE62 /* Resources */,
			);
			buildRules = (
			);
			dependencies = (
			);
			name = CoreDataWithDataPicker;
			productName = CoreDataWithDataPicker;
			productReference = B8664C8026D194BD0039FE62 /* CoreDataWithDataPicker.app */;
			productType = "com.apple.product-type.application";
		};
/* End PBXNativeTarget section */

/* Begin PBXProject section */
		B8664C7826D194BC0039FE62 /* Project object */ = {
			isa = PBXProject;
			attributes = {
				LastSwiftUpdateCheck = 1250;
				LastUpgradeCheck = 1250;
				TargetAttributes = {
					B8664C7F26D194BD0039FE62 = {
						CreatedOnToolsVersion = 12.5.1;
					};
				};
			};
			buildConfigurationList = B8664C7B26D194BC0039FE62 /* Build configuration list for PBXProject "CoreDataWithDataPicker" */;
			compatibilityVersion = "Xcode 9.3";
			developmentRegion = en;
			hasScannedForEncodings = 0;
			knownRegions = (
				en,
				Base,
			);
			mainGroup = B8664C7726D194BC0039FE62;
			productRefGroup = B8664C8126D194BD0039FE62 /* Products */;
			projectDirPath = "";
			projectRoot = "";
			targets = (
				B8664C7F26D194BD0039FE62 /* CoreDataWithDataPicker */,
			);
		};
/* End PBXProject section */

/* Begin PBXResourcesBuildPhase section */
		B8664C7E26D194BD0039FE62 /* Resources */ = {
			isa = PBXResourcesBuildPhase;
			buildActionMask = 2147483647;
			files = (
				B8664C9326D194C10039FE62 /* LaunchScreen.storyboard in Resources */,
				B8664C9026D194C10039FE62 /* Preview Assets.xcassets in Resources */,
				B8664C8D26D194C10039FE62 /* Assets.xcassets in Resources */,
			);
			runOnlyForDeploymentPostprocessing = 0;
		};
/* End PBXResourcesBuildPhase section */

/* Begin PBXSourcesBuildPhase section */
		B8664C7C26D194BD0039FE62 /* Sources */ = {
			isa = PBXSourcesBuildPhase;
			buildActionMask = 2147483647;
			files = (
				B8664C8426D194BD0039FE62 /* AppDelegate.swift in Sources */,
				B8664C8626D194BD0039FE62 /* SceneDelegate.swift in Sources */,
				B8664C9C26D1950F0039FE62 /* Note+CoreDataClass.swift in Sources */,
				B8664C8B26D194BD0039FE62 /* CoreDataWithDataPicker.xcdatamodeld in Sources */,
				B8664C8826D194BD0039FE62 /* ContentView.swift in Sources */,
				B8664C9D26D1950F0039FE62 /* Note+CoreDataProperties.swift in Sources */,
			);
			runOnlyForDeploymentPostprocessing = 0;
		};
/* End PBXSourcesBuildPhase section */

/* Begin PBXVariantGroup section */
		B8664C9126D194C10039FE62 /* LaunchScreen.storyboard */ = {
			isa = PBXVariantGroup;
			children = (
				B8664C9226D194C10039FE62 /* Base */,
			);
			name = LaunchScreen.storyboard;
			sourceTree = "<group>";
		};
/* End PBXVariantGroup section */

/* Begin XCBuildConfiguration section */
		B8664C9526D194C10039FE62 /* Debug */ = {
			isa = XCBuildConfiguration;
			buildSettings = {
				ALWAYS_SEARCH_USER_PATHS = NO;
				CLANG_ANALYZER_NONNULL = YES;
				CLANG_ANALYZER_NUMBER_OBJECT_CONVERSION = YES_AGGRESSIVE;
				CLANG_CXX_LANGUAGE_STANDARD = "gnu++14";
				CLANG_CXX_LIBRARY = "libc++";
				CLANG_ENABLE_MODULES = YES;
				CLANG_ENABLE_OBJC_ARC = YES;
				CLANG_ENABLE_OBJC_WEAK = YES;
				CLANG_WARN_BLOCK_CAPTURE_AUTORELEASING = YES;
				CLANG_WARN_BOOL_CONVERSION = YES;
				CLANG_WARN_COMMA = YES;
				CLANG_WARN_CONSTANT_CONVERSION = YES;
				CLANG_WARN_DEPRECATED_OBJC_IMPLEMENTATIONS = YES;
				CLANG_WARN_DIRECT_OBJC_ISA_USAGE = YES_ERROR;
				CLANG_WARN_DOCUMENTATION_COMMENTS = YES;
				CLANG_WARN_EMPTY_BODY = YES;
				CLANG_WARN_ENUM_CONVERSION = YES;
				CLANG_WARN_INFINITE_RECURSION = YES;
				CLANG_WARN_INT_CONVERSION = YES;
				CLANG_WARN_NON_LITERAL_NULL_CONVERSION = YES;
				CLANG_WARN_OBJC_IMPLICIT_RETAIN_SELF = YES;
				CLANG_WARN_OBJC_LITERAL_CONVERSION = YES;
				CLANG_WARN_OBJC_ROOT_CLASS = YES_ERROR;
				CLANG_WARN_QUOTED_INCLUDE_IN_FRAMEWORK_HEADER = YES;
				CLANG_WARN_RANGE_LOOP_ANALYSIS = YES;
				CLANG_WARN_STRICT_PROTOTYPES = YES;
				CLANG_WARN_SUSPICIOUS_MOVE = YES;
				CLANG_WARN_UNGUARDED_AVAILABILITY = YES_AGGRESSIVE;
				CLANG_WARN_UNREACHABLE_CODE = YES;
				CLANG_WARN__DUPLICATE_METHOD_MATCH = YES;
				COPY_PHASE_STRIP = NO;
				DEBUG_INFORMATION_FORMAT = dwarf;
				ENABLE_STRICT_OBJC_MSGSEND = YES;
				ENABLE_TESTABILITY = YES;
				GCC_C_LANGUAGE_STANDARD = gnu11;
				GCC_DYNAMIC_NO_PIC = NO;
				GCC_NO_COMMON_BLOCKS = YES;
				GCC_OPTIMIZATION_LEVEL = 0;
				GCC_PREPROCESSOR_DEFINITIONS = (
					"DEBUG=1",
					"$(inherited)",
				);
				GCC_WARN_64_TO_32_BIT_CONVERSION = YES;
				GCC_WARN_ABOUT_RETURN_TYPE = YES_ERROR;
				GCC_WARN_UNDECLARED_SELECTOR = YES;
				GCC_WARN_UNINITIALIZED_AUTOS = YES_AGGRESSIVE;
				GCC_WARN_UNUSED_FUNCTION = YES;
				GCC_WARN_UNUSED_VARIABLE = YES;
				IPHONEOS_DEPLOYMENT_TARGET = 14.5;
				MTL_ENABLE_DEBUG_INFO = INCLUDE_SOURCE;
				MTL_FAST_MATH = YES;
				ONLY_ACTIVE_ARCH = YES;
				SDKROOT = iphoneos;
				SWIFT_ACTIVE_COMPILATION_CONDITIONS = DEBUG;
				SWIFT_OPTIMIZATION_LEVEL = "-Onone";
			};
			name = Debug;
		};
		B8664C9626D194C10039FE62 /* Release */ = {
			isa = XCBuildConfiguration;
			buildSettings = {
				ALWAYS_SEARCH_USER_PATHS = NO;
				CLANG_ANALYZER_NONNULL = YES;
				CLANG_ANALYZER_NUMBER_OBJECT_CONVERSION = YES_AGGRESSIVE;
				CLANG_CXX_LANGUAGE_STANDARD = "gnu++14";
				CLANG_CXX_LIBRARY = "libc++";
				CLANG_ENABLE_MODULES = YES;
				CLANG_ENABLE_OBJC_ARC = YES;
				CLANG_ENABLE_OBJC_WEAK = YES;
				CLANG_WARN_BLOCK_CAPTURE_AUTORELEASING = YES;
				CLANG_WARN_BOOL_CONVERSION = YES;
				CLANG_WARN_COMMA = YES;
				CLANG_WARN_CONSTANT_CONVERSION = YES;
				CLANG_WARN_DEPRECATED_OBJC_IMPLEMENTATIONS = YES;
				CLANG_WARN_DIRECT_OBJC_ISA_USAGE = YES_ERROR;
				CLANG_WARN_DOCUMENTATION_COMMENTS = YES;
				CLANG_WARN_EMPTY_BODY = YES;
				CLANG_WARN_ENUM_CONVERSION = YES;
				CLANG_WARN_INFINITE_RECURSION = YES;
				CLANG_WARN_INT_CONVERSION = YES;
				CLANG_WARN_NON_LITERAL_NULL_CONVERSION = YES;
				CLANG_WARN_OBJC_IMPLICIT_RETAIN_SELF = YES;
				CLANG_WARN_OBJC_LITERAL_CONVERSION = YES;
				CLANG_WARN_OBJC_ROOT_CLASS = YES_ERROR;
				CLANG_WARN_QUOTED_INCLUDE_IN_FRAMEWORK_HEADER = YES;
				CLANG_WARN_RANGE_LOOP_ANALYSIS = YES;
				CLANG_WARN_STRICT_PROTOTYPES = YES;
				CLANG_WARN_SUSPICIOUS_MOVE = YES;
				CLANG_WARN_UNGUARDED_AVAILABILITY = YES_AGGRESSIVE;
				CLANG_WARN_UNREACHABLE_CODE = YES;
				CLANG_WARN__DUPLICATE_METHOD_MATCH = YES;
				COPY_PHASE_STRIP = NO;
				DEBUG_INFORMATION_FORMAT = "dwarf-with-dsym";
				ENABLE_NS_ASSERTIONS = NO;
				ENABLE_STRICT_OBJC_MSGSEND = YES;
				GCC_C_LANGUAGE_STANDARD = gnu11;
				GCC_NO_COMMON_BLOCKS = YES;
				GCC_WARN_64_TO_32_BIT_CONVERSION = YES;
				GCC_WARN_ABOUT_RETURN_TYPE = YES_ERROR;
				GCC_WARN_UNDECLARED_SELECTOR = YES;
				GCC_WARN_UNINITIALIZED_AUTOS = YES_AGGRESSIVE;
				GCC_WARN_UNUSED_FUNCTION = YES;
				GCC_WARN_UNUSED_VARIABLE = YES;
				IPHONEOS_DEPLOYMENT_TARGET = 14.5;
				MTL_ENABLE_DEBUG_INFO = NO;
				MTL_FAST_MATH = YES;
				SDKROOT = iphoneos;
				SWIFT_COMPILATION_MODE = wholemodule;
				SWIFT_OPTIMIZATION_LEVEL = "-O";
				VALIDATE_PRODUCT = YES;
			};
			name = Release;
		};
		B8664C9826D194C10039FE62 /* Debug */ = {
			isa = XCBuildConfiguration;
			buildSettings = {
				ASSETCATALOG_COMPILER_APPICON_NAME = AppIcon;
				ASSETCATALOG_COMPILER_GLOBAL_ACCENT_COLOR_NAME = AccentColor;
				CODE_SIGN_STYLE = Automatic;
				DEVELOPMENT_ASSET_PATHS = "\"CoreDataWithDataPicker/Preview Content\"";
				DEVELOPMENT_TEAM = H7HSH28V5D;
				ENABLE_PREVIEWS = YES;
				INFOPLIST_FILE = CoreDataWithDataPicker/Info.plist;
				LD_RUNPATH_SEARCH_PATHS = (
					"$(inherited)",
					"@executable_path/Frameworks",
				);
				PRODUCT_BUNDLE_IDENTIFIER = "-01.CoreDataWithDataPicker";
				PRODUCT_NAME = "$(TARGET_NAME)";
				SWIFT_VERSION = 5.0;
				TARGETED_DEVICE_FAMILY = "1,2";
			};
			name = Debug;
		};
		B8664C9926D194C10039FE62 /* Release */ = {
			isa = XCBuildConfiguration;
			buildSettings = {
				ASSETCATALOG_COMPILER_APPICON_NAME = AppIcon;
				ASSETCATALOG_COMPILER_GLOBAL_ACCENT_COLOR_NAME = AccentColor;
				CODE_SIGN_STYLE = Automatic;
				DEVELOPMENT_ASSET_PATHS = "\"CoreDataWithDataPicker/Preview Content\"";
				DEVELOPMENT_TEAM = H7HSH28V5D;
				ENABLE_PREVIEWS = YES;
				INFOPLIST_FILE = CoreDataWithDataPicker/Info.plist;
				LD_RUNPATH_SEARCH_PATHS = (
					"$(inherited)",
					"@executable_path/Frameworks",
				);
				PRODUCT_BUNDLE_IDENTIFIER = "-01.CoreDataWithDataPicker";
				PRODUCT_NAME = "$(TARGET_NAME)";
				SWIFT_VERSION = 5.0;
				TARGETED_DEVICE_FAMILY = "1,2";
			};
			name = Release;
		};
/* End XCBuildConfiguration section */

/* Begin XCConfigurationList section */
		B8664C7B26D194BC0039FE62 /* Build configuration list for PBXProject "CoreDataWithDataPicker" */ = {
			isa = XCConfigurationList;
			buildConfigurations = (
				B8664C9526D194C10039FE62 /* Debug */,
				B8664C9626D194C10039FE62 /* Release */,
			);
			defaultConfigurationIsVisible = 0;
			defaultConfigurationName = Release;
		};
		B8664C9726D194C10039FE62 /* Build configuration list for PBXNativeTarget "CoreDataWithDataPicker" */ = {
			isa = XCConfigurationList;
			buildConfigurations = (
				B8664C9826D194C10039FE62 /* Debug */,
				B8664C9926D194C10039FE62 /* Release */,
			);
			defaultConfigurationIsVisible = 0;
			defaultConfigurationName = Release;
		};
/* End XCConfigurationList section */

/* Begin XCVersionGroup section */
		B8664C8926D194BD0039FE62 /* CoreDataWithDataPicker.xcdatamodeld */ = {
			isa = XCVersionGroup;
			children = (
				B8664C8A26D194BD0039FE62 /* CoreDataWithDataPicker.xcdatamodel */,
			);
			currentVersion = B8664C8A26D194BD0039FE62 /* CoreDataWithDataPicker.xcdatamodel */;
			path = CoreDataWithDataPicker.xcdatamodeld;
			sourceTree = "<group>";
			versionGroupType = wrapper.xcdatamodel;
		};
/* End XCVersionGroup section */
	};
	rootObject = B8664C7826D194BC0039FE62 /* Project object */;
}
